# THIS IS AN AUTOGENERATED FILE. DO NOT EDIT THIS FILE DIRECTLY.
# yarn lockfile v1


"@moneyforward/stream-util@^0.1.4":
  version "0.1.4"
  resolved "https://registry.yarnpkg.com/@moneyforward/stream-util/-/stream-util-0.1.4.tgz#9e3ceadb78fac870702cf319284c23e4202ac676"
  integrity sha512-i4N2EV+m6pjL1rfdunVlmAWCipYbBagMwzodJ0lqozxds/LfeQ1kh4d0vw+Dm0joAcS7+KFfnn5Ud4DkH+mHHw==

"@turf/bbox@*":
  version "6.0.1"
  resolved "https://registry.yarnpkg.com/@turf/bbox/-/bbox-6.0.1.tgz#b966075771475940ee1c16be2a12cf389e6e923a"
  integrity sha512-EGgaRLettBG25Iyx7VyUINsPpVj1x3nFQFiGS3ER8KCI1MximzNLsam3eXRabqQDjyAKyAE1bJ4EZEpGvspQxw==
  dependencies:
    "@turf/helpers" "6.x"
    "@turf/meta" "6.x"

"@turf/bbox@^6.2.0-alpha.2":
  version "6.2.0-alpha.2"
  resolved "https://registry.yarnpkg.com/@turf/bbox/-/bbox-6.2.0-alpha.2.tgz#d01b6c399abe151204a5c416121611e2f0d57b37"
  integrity sha512-N1UEnnLGDk+j0a+O2veUhmgo6UNrf9ERtGbbIbTh8D0g5QFpYy3xiNVqUMqyZ/fRP6qR+/VUeSKKri0+UPiDJg==
  dependencies:
    "@turf/helpers" "^6.2.0-alpha.2"
    "@turf/meta" "^6.2.0-alpha.2"

"@turf/bearing@^6.2.0-alpha.2":
  version "6.2.0-alpha.2"
  resolved "https://registry.yarnpkg.com/@turf/bearing/-/bearing-6.2.0-alpha.2.tgz#a5d3bf428be5e8fc700bfc62a79b30ea979de64b"
  integrity sha512-Z+PZZPJ9ykRB/KqVULWFKztjp7aWU5bo9B5nzUVdrx4TurMeSApEcLPEScQPc4CqQ0gqiOpk2XOBuZ14pGEXEA==
  dependencies:
    "@turf/helpers" "^6.2.0-alpha.2"
    "@turf/invariant" "^6.2.0-alpha.2"

"@turf/boolean-overlap@^6.2.0-alpha.2":
  version "6.2.0-alpha.2"
  resolved "https://registry.yarnpkg.com/@turf/boolean-overlap/-/boolean-overlap-6.2.0-alpha.2.tgz#697720ba78401a43724f9dd9aeaefd8d0efdcf92"
  integrity sha512-68QgXxu5tRz++/qxgNKqzo0//KPlZPd22AgABE2RhRaQfNYLQRkfGJATO7eh3TPky0SHg9g1d8oYH/OQYSbkBw==
  dependencies:
    "@turf/helpers" "^6.2.0-alpha.2"
    "@turf/invariant" "^6.2.0-alpha.2"
    "@turf/line-intersect" "^6.2.0-alpha.2"
    "@turf/line-overlap" "^6.2.0-alpha.2"
    "@turf/meta" "^6.2.0-alpha.2"
    geojson-equality "0.1.6"

"@turf/boolean-point-on-line@^6.2.0-alpha.2":
  version "6.2.0-alpha.2"
  resolved "https://registry.yarnpkg.com/@turf/boolean-point-on-line/-/boolean-point-on-line-6.2.0-alpha.2.tgz#47e3b581611d7b65a98082d13fae14391151ddb2"
  integrity sha512-pThu5mDBojJezRRipHeFhDKe1TUZLkDFTuDN1VI/tw8m2/bOd5thEVODm17cHHaCigIaXsHYlfsMX01SOJah0A==
  dependencies:
    "@turf/helpers" "^6.2.0-alpha.2"
    "@turf/invariant" "^6.2.0-alpha.2"

"@turf/buffer@6.2.0-alpha.2":
  version "6.2.0-alpha.2"
  resolved "https://registry.yarnpkg.com/@turf/buffer/-/buffer-6.2.0-alpha.2.tgz#2815329ccdce7444668b937d5f92f2d3e047a1a1"
  integrity sha512-/ImPd1B6wdeXqKURAcNTe4BrDWGhEzNhYRi4V9UBX3JuVv0DJI8AMz3/LOHzFVInaYItlwrmXtra2aDfcJluNw==
  dependencies:
    "@turf/bbox" "^6.2.0-alpha.2"
    "@turf/center" "^6.2.0-alpha.2"
    "@turf/helpers" "^6.2.0-alpha.2"
    "@turf/meta" "^6.2.0-alpha.2"
    "@turf/projection" "^6.2.0-alpha.2"
    d3-geo "1.7.1"
    turf-jsts "*"

"@turf/center@^6.2.0-alpha.2":
  version "6.2.0-alpha.2"
  resolved "https://registry.yarnpkg.com/@turf/center/-/center-6.2.0-alpha.2.tgz#966299bea71e61ef335e43b21ea10a8dbf37148a"
  integrity sha512-6Jno8MpMhG/42doBhh+CNp/DtfB8jCHW3XPu5bKb+S7+8tNjToudGR+OSUX8S4frNJA0Sy9CSWyT5j9L/ZUxXA==
  dependencies:
    "@turf/bbox" "^6.2.0-alpha.2"
    "@turf/helpers" "^6.2.0-alpha.2"

"@turf/clone@^6.2.0-alpha.2":
  version "6.2.0-alpha.2"
  resolved "https://registry.yarnpkg.com/@turf/clone/-/clone-6.2.0-alpha.2.tgz#e76b527b63bbb7ed94785b270f2ea9dc1ff8b8d0"
  integrity sha512-eWWeNSr037eyEsCmcvTbpFiTw5gdxQd/PZKy/a9ObNH39QTp5IC9+kzdEgZg4B6som+tgGekyhddMP1VWWN8FQ==
  dependencies:
    "@turf/helpers" "^6.2.0-alpha.2"

"@turf/destination@^6.2.0-alpha.2":
  version "6.2.0-alpha.2"
  resolved "https://registry.yarnpkg.com/@turf/destination/-/destination-6.2.0-alpha.2.tgz#62551e704b7da4549ec042eaaf1070a896f3124e"
  integrity sha512-424DckiInSDfuesCHN2DmVb6VfU6rUZ5bJCQHM8TTqsbNWLQAo245bOVKEBjqUwJvSdJaxB6xWJKuuKZly78Dw==
  dependencies:
    "@turf/helpers" "^6.2.0-alpha.2"
    "@turf/invariant" "^6.2.0-alpha.2"

"@turf/dissolve@6.2.0-alpha.2":
  version "6.2.0-alpha.2"
  resolved "https://registry.yarnpkg.com/@turf/dissolve/-/dissolve-6.2.0-alpha.2.tgz#0cc3cde6b6550ffe275237a0c36a7cd689b3f061"
  integrity sha512-3cfKpdNOUxDZWMbRo/90ih8uEwbOwcseV70psgMtH5UfYHtGDQIBdDCtUFCbNz7/WTApmjbDiS6JUTJAGawnjg==
  dependencies:
    "@turf/boolean-overlap" "^6.2.0-alpha.2"
    "@turf/clone" "^6.2.0-alpha.2"
    "@turf/helpers" "^6.2.0-alpha.2"
    "@turf/invariant" "^6.2.0-alpha.2"
    "@turf/line-intersect" "^6.2.0-alpha.2"
    "@turf/meta" "^6.2.0-alpha.2"
    "@turf/union" "^6.2.0-alpha.2"
    geojson-rbush "3.x"
    get-closest "*"

"@turf/distance@^6.2.0-alpha.2":
  version "6.2.0-alpha.2"
  resolved "https://registry.yarnpkg.com/@turf/distance/-/distance-6.2.0-alpha.2.tgz#b62b25cf5145dd4233ce5bd5e061c8513faefb9c"
  integrity sha512-gfCN8b3il37KTplYxcxh2jv+kDt47rPD7QtDMK4yjxFaK/9Zqdc+rUVMVOC/nhO4cvIa+zS3d+CT2ncEIfWWGA==
  dependencies:
    "@turf/helpers" "^6.2.0-alpha.2"
    "@turf/invariant" "^6.2.0-alpha.2"

"@turf/helpers@6.2.0-alpha.2", "@turf/helpers@^6.2.0-alpha.2":
  version "6.2.0-alpha.2"
  resolved "https://registry.yarnpkg.com/@turf/helpers/-/helpers-6.2.0-alpha.2.tgz#3a17ecd4e906bc5e3ceedd68664341d25b514da3"
  integrity sha512-YW7Tk75XTbJh3ZBwdo29QE/N4HjxApNV4ZUVJaukBm2Kns/sGMJh9RQPuITOlB5+tW6FUVTMlZYK1PejiVNeAQ==

"@turf/helpers@6.x":
  version "6.1.4"
  resolved "https://registry.yarnpkg.com/@turf/helpers/-/helpers-6.1.4.tgz#d6fd7ebe6782dd9c87dca5559bda5c48ae4c3836"
  integrity sha512-vJvrdOZy1ngC7r3MDA7zIGSoIgyrkWcGnNIEaqn/APmw+bVLF2gAW7HIsdTxd12s5wQMqEpqIQrmrbRRZ0xC7g==

"@turf/invariant@^6.2.0-alpha.2":
  version "6.2.0-alpha.2"
  resolved "https://registry.yarnpkg.com/@turf/invariant/-/invariant-6.2.0-alpha.2.tgz#b42e973160dfb516453c2e8e7626a299eef5676e"
  integrity sha512-o4PDDR8LByDFAvLMmra9EkmxaRIbykxrFlRBuWt/uMF2OQ8AMfF3BGbfyCHU9p+0zAskNBhS5SvmLB3e+PcE3A==
  dependencies:
    "@turf/helpers" "^6.2.0-alpha.2"

"@turf/line-intersect@^6.2.0-alpha.2":
  version "6.2.0-alpha.2"
  resolved "https://registry.yarnpkg.com/@turf/line-intersect/-/line-intersect-6.2.0-alpha.2.tgz#2e0c7ec251a667ec8326ae08bcaa625dedc3fdbd"
  integrity sha512-B2E95Ux4MXWCMBMu0ZRIN7Gz6KgFwjTF8GW/GXq8VTv+uX+x6Uoe6oIKwgsKNXqEO32ogN2ybAbcAbil7LUy6Q==
  dependencies:
    "@turf/helpers" "^6.2.0-alpha.2"
    "@turf/invariant" "^6.2.0-alpha.2"
    "@turf/line-segment" "^6.2.0-alpha.2"
    "@turf/meta" "^6.2.0-alpha.2"
    geojson-rbush "3.x"

"@turf/line-overlap@^6.2.0-alpha.2":
  version "6.2.0-alpha.2"
  resolved "https://registry.yarnpkg.com/@turf/line-overlap/-/line-overlap-6.2.0-alpha.2.tgz#9511b6e8dd7173621bf9c2d52ed169d6d1bfa89e"
  integrity sha512-g8wMkycG3SIBmbCDBUUTGt8Jo8X3qu+9a4XTuoKwq/tiyEzcEink5RIULK2WbcgVO4D/OXXajB+e0TN7dbI4yg==
  dependencies:
    "@turf/boolean-point-on-line" "^6.2.0-alpha.2"
    "@turf/helpers" "^6.2.0-alpha.2"
    "@turf/invariant" "^6.2.0-alpha.2"
    "@turf/line-segment" "^6.2.0-alpha.2"
    "@turf/meta" "^6.2.0-alpha.2"
    "@turf/nearest-point-on-line" "^6.2.0-alpha.2"
    deep-equal "1.x"
    geojson-rbush "3.x"

"@turf/line-segment@^6.2.0-alpha.2":
  version "6.2.0-alpha.2"
  resolved "https://registry.yarnpkg.com/@turf/line-segment/-/line-segment-6.2.0-alpha.2.tgz#69fefebbc200995d1d8fbf55464c7082730e3530"
  integrity sha512-J46yzmkpypZKyIK681VwrEY46Nfku5P/MRo7zdgSCjVJ/Rggv2UcJAo6SK1YwhMdHLsN6Dpkz8DvlGStfISf2g==
  dependencies:
    "@turf/helpers" "^6.2.0-alpha.2"
    "@turf/invariant" "^6.2.0-alpha.2"
    "@turf/meta" "^6.2.0-alpha.2"

"@turf/meta@6.x":
  version "6.0.2"
  resolved "https://registry.yarnpkg.com/@turf/meta/-/meta-6.0.2.tgz#eb92951126d24a613ac1b7b99d733fcc20fd30cf"
  integrity sha512-VA7HJkx7qF1l3+GNGkDVn2oXy4+QoLP6LktXAaZKjuT1JI0YESat7quUkbCMy4zP9lAUuvS4YMslLyTtr919FA==
  dependencies:
    "@turf/helpers" "6.x"

"@turf/meta@^6.2.0-alpha.2":
  version "6.2.0-alpha.2"
  resolved "https://registry.yarnpkg.com/@turf/meta/-/meta-6.2.0-alpha.2.tgz#8234b31ab277ccb9e2b779ec3595af32135ea291"
  integrity sha512-Hk2gnRSto/yiT6oO0bHYPiOvWTsgb1dlQm9cTcrrR068Zlfzx/7cJV5Me2Ls085rMBMlT376CgaHySexXVRrIg==
  dependencies:
    "@turf/helpers" "^6.2.0-alpha.2"

"@turf/nearest-point-on-line@^6.2.0-alpha.2":
  version "6.2.0-alpha.2"
  resolved "https://registry.yarnpkg.com/@turf/nearest-point-on-line/-/nearest-point-on-line-6.2.0-alpha.2.tgz#d849738ed41585bf483a557d88c31c1cd019a43f"
  integrity sha512-GXgUt/voHvUxiV/mIT27dLdWzt/RYAUDtb/8J16nt0tDZXRToMFYjZQEAcyE+5/Kwsl7YcNJ2go0yuSkOai9hA==
  dependencies:
    "@turf/bearing" "^6.2.0-alpha.2"
    "@turf/destination" "^6.2.0-alpha.2"
    "@turf/distance" "^6.2.0-alpha.2"
    "@turf/helpers" "^6.2.0-alpha.2"
    "@turf/invariant" "^6.2.0-alpha.2"
    "@turf/line-intersect" "^6.2.0-alpha.2"
    "@turf/meta" "^6.2.0-alpha.2"

"@turf/projection@^6.2.0-alpha.2":
  version "6.2.0-alpha.2"
  resolved "https://registry.yarnpkg.com/@turf/projection/-/projection-6.2.0-alpha.2.tgz#c019093dd2edeaa165a2387d52be837d367f9b40"
  integrity sha512-psf27OA53fV241N45jYwKmD23EcRhMC2rpeoX8gVV6ou4zGu2cgZbsKZpoDVjP906DDVi6uDZz2fnqBJFjyTTA==
  dependencies:
    "@turf/clone" "^6.2.0-alpha.2"
    "@turf/helpers" "^6.2.0-alpha.2"
    "@turf/meta" "^6.2.0-alpha.2"

"@turf/union@6.2.0-alpha.2", "@turf/union@^6.2.0-alpha.2":
  version "6.2.0-alpha.2"
  resolved "https://registry.yarnpkg.com/@turf/union/-/union-6.2.0-alpha.2.tgz#62404b2006b3c9cec5680ea83a78f956315edee7"
  integrity sha512-ZpLUlwoT3vAe0AasDVRAvonYpOgTJLpNVrFyyvWr1JFnsQdIW2Sn44Molmf9faUZmnroFBfO7W/6fj1aeJFUqw==
  dependencies:
    "@turf/helpers" "^6.2.0-alpha.2"
    "@turf/invariant" "^6.2.0-alpha.2"
    polygon-clipping "^0.14.3"

d3-array@1:
  version "1.2.4"
  resolved "https://registry.yarnpkg.com/d3-array/-/d3-array-1.2.4.tgz#635ce4d5eea759f6f605863dbcfc30edc737f71f"
  integrity sha512-KHW6M86R+FUPYGb3R5XiYjXPq7VzwxZ22buHhAEVG5ztoEcZZMLov530mmccaqA1GghZArjQV46fuc8kUqhhHw==

d3-geo@1.7.1:
  version "1.7.1"
  resolved "https://registry.yarnpkg.com/d3-geo/-/d3-geo-1.7.1.tgz#44bbc7a218b1fd859f3d8fd7c443ca836569ce99"
  integrity sha512-O4AempWAr+P5qbk2bC2FuN/sDW4z+dN2wDf9QV3bxQt4M5HfOEeXLgJ/UKQW0+o1Dj8BE+L5kiDbdWUMjsmQpw==
  dependencies:
    d3-array "1"

deep-equal@1.x, deep-equal@^1.0.0:
  version "1.1.1"
  resolved "https://registry.yarnpkg.com/deep-equal/-/deep-equal-1.1.1.tgz#b5c98c942ceffaf7cb051e24e1434a25a2e6076a"
  integrity sha512-yd9c5AdiqVcR+JjcwUQb9DkhJc8ngNr0MahEBGvDiJw8puWab2yZlh+nkasOnZP+EGTAP6rRp2JzJhJZzvNF8g==
  dependencies:
    is-arguments "^1.0.4"
    is-date-object "^1.0.1"
    is-regex "^1.0.4"
    object-is "^1.0.1"
    object-keys "^1.1.1"
    regexp.prototype.flags "^1.2.0"

define-properties@^1.1.2, define-properties@^1.1.3:
  version "1.1.3"
  resolved "https://registry.yarnpkg.com/define-properties/-/define-properties-1.1.3.tgz#cf88da6cbee26fe6db7094f61d870cbd84cee9f1"
  integrity sha512-3MqfYKj2lLzdMSf8ZIZE/V+Zuy+BgD6f164e8K2w7dgnpKArBDerGYpM46IYYcjnkdPNMjPk9A6VFB8+3SKlXQ==
  dependencies:
    object-keys "^1.0.12"

es-abstract@^1.17.0-next.1, es-abstract@^1.17.5:
  version "1.17.6"
  resolved "https://registry.yarnpkg.com/es-abstract/-/es-abstract-1.17.6.tgz#9142071707857b2cacc7b89ecb670316c3e2d52a"
  integrity sha512-Fr89bON3WFyUi5EvAeI48QTWX0AyekGgLA8H+c+7fbfCkJwRWRMLd8CQedNEyJuoYYhmtEqY92pgte1FAhBlhw==
  dependencies:
    es-to-primitive "^1.2.1"
    function-bind "^1.1.1"
    has "^1.0.3"
    has-symbols "^1.0.1"
    is-callable "^1.2.0"
    is-regex "^1.1.0"
    object-inspect "^1.7.0"
    object-keys "^1.1.1"
    object.assign "^4.1.0"
    string.prototype.trimend "^1.0.1"
    string.prototype.trimstart "^1.0.1"

es-to-primitive@^1.2.1:
  version "1.2.1"
  resolved "https://registry.yarnpkg.com/es-to-primitive/-/es-to-primitive-1.2.1.tgz#e55cd4c9cdc188bcefb03b366c736323fc5c898a"
  integrity sha512-QCOllgZJtaUo9miYBcLChTUaHNjJF3PYs1VidD7AwiEj1kYxKeQTctLAezAOH5ZKRH0g2IgPn6KwB4IT8iRpvA==
  dependencies:
    is-callable "^1.1.4"
    is-date-object "^1.0.1"
    is-symbol "^1.0.2"

function-bind@^1.1.1:
  version "1.1.1"
  resolved "https://registry.yarnpkg.com/function-bind/-/function-bind-1.1.1.tgz#a56899d3ea3c9bab874bb9773b7c5ede92f4895d"
  integrity sha512-yIovAzMX49sF8Yl58fSCWJ5svSLuaibPxXQJFLmBObTuCr0Mf1KiPopGM9NiFjiYBCbfaa2Fh6breQ6ANVTI0A==

geojson-equality@0.1.6:
  version "0.1.6"
  resolved "https://registry.yarnpkg.com/geojson-equality/-/geojson-equality-0.1.6.tgz#a171374ef043e5d4797995840bae4648e0752d72"
  integrity sha1-oXE3TvBD5dR5eZWEC65GSOB1LXI=
  dependencies:
    deep-equal "^1.0.0"

geojson-rbush@3.x:
  version "3.1.2"
  resolved "https://registry.yarnpkg.com/geojson-rbush/-/geojson-rbush-3.1.2.tgz#577d6ec70ba986d4e60b741f1df5147faeb82c97"
  integrity sha512-grkfdg3HIeTjwTfiJe5FT8+fGU3fABCc+vRJDBwdQz9kkLF0Sbif2gs2JUzjewwgmnvLGy9fInySDeADoNuk7w==
  dependencies:
    "@turf/bbox" "*"
    "@turf/helpers" "6.x"
    "@turf/meta" "6.x"
    rbush "^2.0.0"

get-closest@*:
  version "0.0.4"
  resolved "https://registry.yarnpkg.com/get-closest/-/get-closest-0.0.4.tgz#269ac776d1e6022aa0fd586dd708e8a7d32269af"
  integrity sha1-JprHdtHmAiqg/Vht1wjop9Miaa8=

has-symbols@^1.0.0, has-symbols@^1.0.1:
  version "1.0.1"
  resolved "https://registry.yarnpkg.com/has-symbols/-/has-symbols-1.0.1.tgz#9f5214758a44196c406d9bd76cebf81ec2dd31e8"
  integrity sha512-PLcsoqu++dmEIZB+6totNFKq/7Do+Z0u4oT0zKOJNl3lYK6vGwwu2hjHs+68OEZbTjiUE9bgOABXbP/GvrS0Kg==

has@^1.0.3:
  version "1.0.3"
  resolved "https://registry.yarnpkg.com/has/-/has-1.0.3.tgz#722d7cbfc1f6aa8241f16dd814e011e1f41e8796"
  integrity sha512-f2dvO0VU6Oej7RkWJGrehjbzMAjFp5/VKPp5tTpWIV4JHHZK1/BxbFRtf/siA2SWTe09caDmVtYYzWEIbBS4zw==
  dependencies:
    function-bind "^1.1.1"

is-arguments@^1.0.4:
  version "1.0.4"
  resolved "https://registry.yarnpkg.com/is-arguments/-/is-arguments-1.0.4.tgz#3faf966c7cba0ff437fb31f6250082fcf0448cf3"
  integrity sha512-xPh0Rmt8NE65sNzvyUmWgI1tz3mKq74lGA0mL8LYZcoIzKOzDh6HmrYm3d18k60nHerC8A9Km8kYu87zfSFnLA==

is-callable@^1.1.4, is-callable@^1.2.0:
  version "1.2.0"
  resolved "https://registry.yarnpkg.com/is-callable/-/is-callable-1.2.0.tgz#83336560b54a38e35e3a2df7afd0454d691468bb"
  integrity sha512-pyVD9AaGLxtg6srb2Ng6ynWJqkHU9bEM087AKck0w8QwDarTfNcpIYoU8x8Hv2Icm8u6kFJM18Dag8lyqGkviw==

is-date-object@^1.0.1:
  version "1.0.2"
  resolved "https://registry.yarnpkg.com/is-date-object/-/is-date-object-1.0.2.tgz#bda736f2cd8fd06d32844e7743bfa7494c3bfd7e"
  integrity sha512-USlDT524woQ08aoZFzh3/Z6ch9Y/EWXEHQ/AaRN0SkKq4t2Jw2R2339tSXmwuVoY7LLlBCbOIlx2myP/L5zk0g==

is-regex@^1.0.4, is-regex@^1.1.0:
  version "1.1.0"
  resolved "https://registry.yarnpkg.com/is-regex/-/is-regex-1.1.0.tgz#ece38e389e490df0dc21caea2bd596f987f767ff"
  integrity sha512-iI97M8KTWID2la5uYXlkbSDQIg4F6o1sYboZKKTDpnDQMLtUL86zxhgDet3Q2SriaYsyGqZ6Mn2SjbRKeLHdqw==
  dependencies:
    has-symbols "^1.0.1"

is-symbol@^1.0.2:
  version "1.0.3"
  resolved "https://registry.yarnpkg.com/is-symbol/-/is-symbol-1.0.3.tgz#38e1014b9e6329be0de9d24a414fd7441ec61937"
  integrity sha512-OwijhaRSgqvhm/0ZdAcXNZt9lYdKFpcRDT5ULUuYXPoT794UNOdU+gpT6Rzo7b4V2HUl/op6GqY894AZwv9faQ==
  dependencies:
    has-symbols "^1.0.1"

object-inspect@^1.7.0:
  version "1.8.0"
  resolved "https://registry.yarnpkg.com/object-inspect/-/object-inspect-1.8.0.tgz#df807e5ecf53a609cc6bfe93eac3cc7be5b3a9d0"
  integrity sha512-jLdtEOB112fORuypAyl/50VRVIBIdVQOSUUGQHzJ4xBSbit81zRarz7GThkEFZy1RceYrWYcPcBFPQwHyAc1gA==

object-is@^1.0.1:
  version "1.1.2"
  resolved "https://registry.yarnpkg.com/object-is/-/object-is-1.1.2.tgz#c5d2e87ff9e119f78b7a088441519e2eec1573b6"
  integrity sha512-5lHCz+0uufF6wZ7CRFWJN3hp8Jqblpgve06U5CMQ3f//6iDjPr2PEo9MWCjEssDsa+UZEL4PkFpr+BMop6aKzQ==
  dependencies:
    define-properties "^1.1.3"
    es-abstract "^1.17.5"

object-keys@^1.0.11, object-keys@^1.0.12, object-keys@^1.1.1:
  version "1.1.1"
  resolved "https://registry.yarnpkg.com/object-keys/-/object-keys-1.1.1.tgz#1c47f272df277f3b1daf061677d9c82e2322c60e"
  integrity sha512-NuAESUOUMrlIXOfHKzD6bpPu3tYt3xvjNdRIQ+FeT0lNb4K8WR70CaDxhuNguS2XG+GjkyMwOzsN5ZktImfhLA==

object.assign@^4.1.0:
  version "4.1.0"
  resolved "https://registry.yarnpkg.com/object.assign/-/object.assign-4.1.0.tgz#968bf1100d7956bb3ca086f006f846b3bc4008da"
  integrity sha512-exHJeq6kBKj58mqGyTQ9DFvrZC/eR6OwxzoM9YRoGBqrXYonaFyGiFMuc9VZrXf7DarreEwMpurG3dd+CNyW5w==
  dependencies:
    define-properties "^1.1.2"
    function-bind "^1.1.1"
    has-symbols "^1.0.0"
    object-keys "^1.0.11"

polygon-clipping@^0.14.3:
  version "0.14.3"
  resolved "https://registry.yarnpkg.com/polygon-clipping/-/polygon-clipping-0.14.3.tgz#02affe4e2aaee69f686ea9dcd5f9566dd4c941af"
  integrity sha512-bIaMFYIsHOShMN0JZsvkfk66S7gKMQMlYUpV7LIx+WOBYvJT09eCgoAv2JCDNj6SofA4+o5tlmV76zzUiG4aBQ==
  dependencies:
    splaytree "^3.0.1"

quickselect@^1.0.1:
  version "1.1.1"
  resolved "https://registry.yarnpkg.com/quickselect/-/quickselect-1.1.1.tgz#852e412ce418f237ad5b660d70cffac647ae94c2"
  integrity sha512-qN0Gqdw4c4KGPsBOQafj6yj/PA6c/L63f6CaZ/DCF/xF4Esu3jVmKLUDYxghFx8Kb/O7y9tI7x2RjTSXwdK1iQ==

rbush@^2.0.0:
  version "2.0.2"
  resolved "https://registry.yarnpkg.com/rbush/-/rbush-2.0.2.tgz#bb6005c2731b7ba1d5a9a035772927d16a614605"
  integrity sha512-XBOuALcTm+O/H8G90b6pzu6nX6v2zCKiFG4BJho8a+bY6AER6t8uQUZdi5bomQc0AprCWhEGa7ncAbbRap0bRA==
  dependencies:
    quickselect "^1.0.1"

regexp.prototype.flags@^1.2.0:
  version "1.3.0"
  resolved "https://registry.yarnpkg.com/regexp.prototype.flags/-/regexp.prototype.flags-1.3.0.tgz#7aba89b3c13a64509dabcf3ca8d9fbb9bdf5cb75"
  integrity sha512-2+Q0C5g951OlYlJz6yu5/M33IcsESLlLfsyIaLJaG4FA2r4yP8MvVMJUUP/fVBkSpbbbZlS5gynbEWLipiiXiQ==
  dependencies:
    define-properties "^1.1.3"
    es-abstract "^1.17.0-next.1"

splaytree@^3.0.1:
  version "3.0.1"
  resolved "https://registry.yarnpkg.com/splaytree/-/splaytree-3.0.1.tgz#038d8e6d597a3a1893e8e82693a0f4413b3559f7"
  integrity sha512-WvQIHRDXLSVn72xjlIG/WGhv/4QO3m+iY2TpVdFRaXd1+/vkNlpkpw1QaNH5taghF9eWXDHWMWnzXyicR8d6ig==

string.prototype.trimend@^1.0.1:
  version "1.0.1"
  resolved "https://registry.yarnpkg.com/string.prototype.trimend/-/string.prototype.trimend-1.0.1.tgz#85812a6b847ac002270f5808146064c995fb6913"
  integrity sha512-LRPxFUaTtpqYsTeNKaFOw3R4bxIzWOnbQ837QfBylo8jIxtcbK/A/sMV7Q+OAV/vWo+7s25pOE10KYSjaSO06g==
  dependencies:
    define-properties "^1.1.3"
    es-abstract "^1.17.5"

string.prototype.trimstart@^1.0.1:
  version "1.0.1"
  resolved "https://registry.yarnpkg.com/string.prototype.trimstart/-/string.prototype.trimstart-1.0.1.tgz#14af6d9f34b053f7cfc89b72f8f2ee14b9039a54"
  integrity sha512-XxZn+QpvrBI1FOcg6dIpxUPgWCPuNXvMD72aaRaUQv1eD4e/Qy8i/hFTe0BUmD60p/QA6bh1avmuPTfNjqVWRw==
  dependencies:
    define-properties "^1.1.3"
    es-abstract "^1.17.5"

turf-jsts@*:
  version "1.2.3"
  resolved "https://registry.yarnpkg.com/turf-jsts/-/turf-jsts-1.2.3.tgz#59757f542afbff9a577bbf411f183b8f48d38aa4"
  integrity sha512-Ja03QIJlPuHt4IQ2FfGex4F4JAr8m3jpaHbFbQrgwr7s7L6U8ocrHiF3J1+wf9jzhGKxvDeaCAnGDot8OjGFyA==
